// !$*UTF8*$!
{
	archiveVersion = 1;
	classes = {
	};
	objectVersion = 56;
	objects = {

/* Begin PBXBuildFile section */
		039930E04503ED6D1BBBA7A0 /* TestRouter.swift in Sources */ = {isa = PBXBuildFile; fileRef = FBC92812A7FE699A2846C449 /* TestRouter.swift */; };
		19B90DE260371C6D025A56B2 /* TestView.swift in Sources */ = {isa = PBXBuildFile; fileRef = F288E34758D61B8143D55081 /* TestView.swift */; };
		5577B60D2C10086100C13B79 /* VIPERSampleApp.swift in Sources */ = {isa = PBXBuildFile; fileRef = 5577B60C2C10086100C13B79 /* VIPERSampleApp.swift */; };
		5577B60F2C10086100C13B79 /* ContentView.swift in Sources */ = {isa = PBXBuildFile; fileRef = 5577B60E2C10086100C13B79 /* ContentView.swift */; };
		5577B6112C10086300C13B79 /* Assets.xcassets in Resources */ = {isa = PBXBuildFile; fileRef = 5577B6102C10086300C13B79 /* Assets.xcassets */; };
		5577B6142C10086300C13B79 /* Preview Assets.xcassets in Resources */ = {isa = PBXBuildFile; fileRef = 5577B6132C10086300C13B79 /* Preview Assets.xcassets */; };
		5577B61E2C10086400C13B79 /* VIPERSampleTests.swift in Sources */ = {isa = PBXBuildFile; fileRef = 5577B61D2C10086400C13B79 /* VIPERSampleTests.swift */; };
		5577B6282C10086400C13B79 /* VIPERSampleUITests.swift in Sources */ = {isa = PBXBuildFile; fileRef = 5577B6272C10086400C13B79 /* VIPERSampleUITests.swift */; };
		5577B62A2C10086400C13B79 /* VIPERSampleUITestsLaunchTests.swift in Sources */ = {isa = PBXBuildFile; fileRef = 5577B6292C10086400C13B79 /* VIPERSampleUITestsLaunchTests.swift */; };
		5577B65B2C10470700C13B79 /* SwiftUIIntrospect-Dynamic in Frameworks */ = {isa = PBXBuildFile; productRef = 5577B65A2C10470700C13B79 /* SwiftUIIntrospect-Dynamic */; };
		5577B65D2C10470700C13B79 /* SwiftUIIntrospect-Static in Frameworks */ = {isa = PBXBuildFile; productRef = 5577B65C2C10470700C13B79 /* SwiftUIIntrospect-Static */; };
		5577B6602C10479C00C13B79 /* SwiftUIIntrospect in Frameworks */ = {isa = PBXBuildFile; productRef = 5577B65F2C10479C00C13B79 /* SwiftUIIntrospect */; };
		5A4F38288A6D9674E1D1FFF1 /* TestContract.swift in Sources */ = {isa = PBXBuildFile; fileRef = FAA24488A0967FC182A2A602 /* TestContract.swift */; };
		D4F8776E0B289F3551C44597 /* TestInteractor.swift in Sources */ = {isa = PBXBuildFile; fileRef = 9636A0C8A53C28685E691F6E /* TestInteractor.swift */; };
		E39FDC803EA6AADE3A8B98F0 /* TestPresenter.swift in Sources */ = {isa = PBXBuildFile; fileRef = 32A3EFE161F1D0945C3881E4 /* TestPresenter.swift */; };
/* End PBXBuildFile section */

/* Begin PBXContainerItemProxy section */
		5577B61A2C10086400C13B79 /* PBXContainerItemProxy */ = {
			isa = PBXContainerItemProxy;
			containerPortal = 5577B6012C10086100C13B79 /* Project object */;
			proxyType = 1;
			remoteGlobalIDString = 5577B6082C10086100C13B79;
			remoteInfo = VIPERSample;
		};
		5577B6242C10086400C13B79 /* PBXContainerItemProxy */ = {
			isa = PBXContainerItemProxy;
			containerPortal = 5577B6012C10086100C13B79 /* Project object */;
			proxyType = 1;
			remoteGlobalIDString = 5577B6082C10086100C13B79;
			remoteInfo = VIPERSample;
		};
/* End PBXContainerItemProxy section */

/* Begin PBXFileReference section */
		32A3EFE161F1D0945C3881E4 /* TestPresenter.swift */ = {isa = PBXFileReference; includeInIndex = 1; lastKnownFileType = sourcecode.swift; path = TestPresenter.swift; sourceTree = "<group>"; };
		5577B6092C10086100C13B79 /* VIPERSample.app */ = {isa = PBXFileReference; explicitFileType = wrapper.application; includeInIndex = 0; path = VIPERSample.app; sourceTree = BUILT_PRODUCTS_DIR; };
		5577B60C2C10086100C13B79 /* VIPERSampleApp.swift */ = {isa = PBXFileReference; lastKnownFileType = sourcecode.swift; path = VIPERSampleApp.swift; sourceTree = "<group>"; };
		5577B60E2C10086100C13B79 /* ContentView.swift */ = {isa = PBXFileReference; lastKnownFileType = sourcecode.swift; path = ContentView.swift; sourceTree = "<group>"; };
		5577B6102C10086300C13B79 /* Assets.xcassets */ = {isa = PBXFileReference; lastKnownFileType = folder.assetcatalog; path = Assets.xcassets; sourceTree = "<group>"; };
		5577B6132C10086300C13B79 /* Preview Assets.xcassets */ = {isa = PBXFileReference; lastKnownFileType = folder.assetcatalog; path = "Preview Assets.xcassets"; sourceTree = "<group>"; };
		5577B6192C10086400C13B79 /* VIPERSampleTests.xctest */ = {isa = PBXFileReference; explicitFileType = wrapper.cfbundle; includeInIndex = 0; path = VIPERSampleTests.xctest; sourceTree = BUILT_PRODUCTS_DIR; };
		5577B61D2C10086400C13B79 /* VIPERSampleTests.swift */ = {isa = PBXFileReference; lastKnownFileType = sourcecode.swift; path = VIPERSampleTests.swift; sourceTree = "<group>"; };
		5577B6232C10086400C13B79 /* VIPERSampleUITests.xctest */ = {isa = PBXFileReference; explicitFileType = wrapper.cfbundle; includeInIndex = 0; path = VIPERSampleUITests.xctest; sourceTree = BUILT_PRODUCTS_DIR; };
		5577B6272C10086400C13B79 /* VIPERSampleUITests.swift */ = {isa = PBXFileReference; lastKnownFileType = sourcecode.swift; path = VIPERSampleUITests.swift; sourceTree = "<group>"; };
		5577B6292C10086400C13B79 /* VIPERSampleUITestsLaunchTests.swift */ = {isa = PBXFileReference; lastKnownFileType = sourcecode.swift; path = VIPERSampleUITestsLaunchTests.swift; sourceTree = "<group>"; };
		9636A0C8A53C28685E691F6E /* TestInteractor.swift */ = {isa = PBXFileReference; includeInIndex = 1; lastKnownFileType = sourcecode.swift; path = TestInteractor.swift; sourceTree = "<group>"; };
		F288E34758D61B8143D55081 /* TestView.swift */ = {isa = PBXFileReference; includeInIndex = 1; lastKnownFileType = sourcecode.swift; path = TestView.swift; sourceTree = "<group>"; };
		FAA24488A0967FC182A2A602 /* TestContract.swift */ = {isa = PBXFileReference; includeInIndex = 1; lastKnownFileType = sourcecode.swift; path = TestContract.swift; sourceTree = "<group>"; };
		FBC92812A7FE699A2846C449 /* TestRouter.swift */ = {isa = PBXFileReference; includeInIndex = 1; lastKnownFileType = sourcecode.swift; path = TestRouter.swift; sourceTree = "<group>"; };
/* End PBXFileReference section */

/* Begin PBXFrameworksBuildPhase section */
		5577B6062C10086100C13B79 /* Frameworks */ = {
			isa = PBXFrameworksBuildPhase;
			buildActionMask = 2147483647;
			files = (
				5577B6602C10479C00C13B79 /* SwiftUIIntrospect in Frameworks */,
				5577B65B2C10470700C13B79 /* SwiftUIIntrospect-Dynamic in Frameworks */,
				5577B65D2C10470700C13B79 /* SwiftUIIntrospect-Static in Frameworks */,
			);
			runOnlyForDeploymentPostprocessing = 0;
		};
		5577B6162C10086400C13B79 /* Frameworks */ = {
			isa = PBXFrameworksBuildPhase;
			buildActionMask = 2147483647;
			files = (
			);
			runOnlyForDeploymentPostprocessing = 0;
		};
		5577B6202C10086400C13B79 /* Frameworks */ = {
			isa = PBXFrameworksBuildPhase;
			buildActionMask = 2147483647;
			files = (
			);
			runOnlyForDeploymentPostprocessing = 0;
		};
/* End PBXFrameworksBuildPhase section */

/* Begin PBXGroup section */
		1160162F21CE00B69DD2AC2C /* Test */ = {
			isa = PBXGroup;
			children = (
				F30D7D18338E835B85158533 /* Contract */,
				562A4F0F75B307B344ACBC6F /* Interactor */,
				55C1F7F6F33FC56D8C4EA778 /* Presenter */,
				96599847116E316C1FAB34D5 /* Router */,
				22DBA346332F4EFEAFC844CA /* View */,
			);
			name = Test;
			path = Test;
			sourceTree = "<group>";
		};
		22DBA346332F4EFEAFC844CA /* View */ = {
			isa = PBXGroup;
			children = (
				F288E34758D61B8143D55081 /* TestView.swift */,
			);
			name = View;
			path = View;
			sourceTree = "<group>";
		};
		5577B6002C10086100C13B79 = {
			isa = PBXGroup;
			children = (
				5577B60B2C10086100C13B79 /* VIPERSample */,
				5577B61C2C10086400C13B79 /* VIPERSampleTests */,
				5577B6262C10086400C13B79 /* VIPERSampleUITests */,
				5577B60A2C10086100C13B79 /* Products */,
			);
			sourceTree = "<group>";
		};
		5577B60A2C10086100C13B79 /* Products */ = {
			isa = PBXGroup;
			children = (
				5577B6092C10086100C13B79 /* VIPERSample.app */,
				5577B6192C10086400C13B79 /* VIPERSampleTests.xctest */,
				5577B6232C10086400C13B79 /* VIPERSampleUITests.xctest */,
			);
			name = Products;
			sourceTree = "<group>";
		};
		5577B60B2C10086100C13B79 /* VIPERSample */ = {
			isa = PBXGroup;
			children = (
				5577B60C2C10086100C13B79 /* VIPERSampleApp.swift */,
				5577B60E2C10086100C13B79 /* ContentView.swift */,
				5577B6102C10086300C13B79 /* Assets.xcassets */,
				5577B6122C10086300C13B79 /* Preview Content */,
				A0D0278C6EE4A546DC6290BA /* Classes */,
			);
			path = VIPERSample;
			sourceTree = "<group>";
		};
		5577B6122C10086300C13B79 /* Preview Content */ = {
			isa = PBXGroup;
			children = (
				5577B6132C10086300C13B79 /* Preview Assets.xcassets */,
			);
			path = "Preview Content";
			sourceTree = "<group>";
		};
		5577B61C2C10086400C13B79 /* VIPERSampleTests */ = {
			isa = PBXGroup;
			children = (
				5577B61D2C10086400C13B79 /* VIPERSampleTests.swift */,
			);
			path = VIPERSampleTests;
			sourceTree = "<group>";
		};
		5577B6262C10086400C13B79 /* VIPERSampleUITests */ = {
			isa = PBXGroup;
			children = (
				5577B6272C10086400C13B79 /* VIPERSampleUITests.swift */,
				5577B6292C10086400C13B79 /* VIPERSampleUITestsLaunchTests.swift */,
			);
			path = VIPERSampleUITests;
			sourceTree = "<group>";
		};
		55C1F7F6F33FC56D8C4EA778 /* Presenter */ = {
			isa = PBXGroup;
			children = (
				32A3EFE161F1D0945C3881E4 /* TestPresenter.swift */,
			);
			name = Presenter;
			path = Presenter;
			sourceTree = "<group>";
		};
		562A4F0F75B307B344ACBC6F /* Interactor */ = {
			isa = PBXGroup;
			children = (
				9636A0C8A53C28685E691F6E /* TestInteractor.swift */,
			);
			name = Interactor;
			path = Interactor;
			sourceTree = "<group>";
		};
		96599847116E316C1FAB34D5 /* Router */ = {
			isa = PBXGroup;
			children = (
				FBC92812A7FE699A2846C449 /* TestRouter.swift */,
			);
			name = Router;
			path = Router;
			sourceTree = "<group>";
		};
		A0D0278C6EE4A546DC6290BA /* Classes */ = {
			isa = PBXGroup;
			children = (
				AD00F774D29608108B3B596C /* Modules */,
			);
			name = Classes;
			path = Classes;
			sourceTree = "<group>";
		};
		AD00F774D29608108B3B596C /* Modules */ = {
			isa = PBXGroup;
			children = (
				1160162F21CE00B69DD2AC2C /* Test */,
			);
			name = Modules;
			path = Modules;
			sourceTree = "<group>";
		};
		F30D7D18338E835B85158533 /* Contract */ = {
			isa = PBXGroup;
			children = (
				FAA24488A0967FC182A2A602 /* TestContract.swift */,
			);
			name = Contract;
			path = Contract;
			sourceTree = "<group>";
		};
/* End PBXGroup section */

/* Begin PBXNativeTarget section */
		5577B6082C10086100C13B79 /* VIPERSample */ = {
			isa = PBXNativeTarget;
			buildConfigurationList = 5577B62D2C10086400C13B79 /* Build configuration list for PBXNativeTarget "VIPERSample" */;
			buildPhases = (
				5577B6052C10086100C13B79 /* Sources */,
				5577B6062C10086100C13B79 /* Frameworks */,
				5577B6072C10086100C13B79 /* Resources */,
			);
			buildRules = (
			);
			dependencies = (
			);
			name = VIPERSample;
			packageProductDependencies = (
				5577B65A2C10470700C13B79 /* SwiftUIIntrospect-Dynamic */,
				5577B65C2C10470700C13B79 /* SwiftUIIntrospect-Static */,
				5577B65F2C10479C00C13B79 /* SwiftUIIntrospect */,
			);
			productName = VIPERSample;
			productReference = 5577B6092C10086100C13B79 /* VIPERSample.app */;
			productType = "com.apple.product-type.application";
		};
		5577B6182C10086400C13B79 /* VIPERSampleTests */ = {
			isa = PBXNativeTarget;
			buildConfigurationList = 5577B6302C10086400C13B79 /* Build configuration list for PBXNativeTarget "VIPERSampleTests" */;
			buildPhases = (
				5577B6152C10086400C13B79 /* Sources */,
				5577B6162C10086400C13B79 /* Frameworks */,
				5577B6172C10086400C13B79 /* Resources */,
			);
			buildRules = (
			);
			dependencies = (
				5577B61B2C10086400C13B79 /* PBXTargetDependency */,
			);
			name = VIPERSampleTests;
			productName = VIPERSampleTests;
			productReference = 5577B6192C10086400C13B79 /* VIPERSampleTests.xctest */;
			productType = "com.apple.product-type.bundle.unit-test";
		};
		5577B6222C10086400C13B79 /* VIPERSampleUITests */ = {
			isa = PBXNativeTarget;
			buildConfigurationList = 5577B6332C10086400C13B79 /* Build configuration list for PBXNativeTarget "VIPERSampleUITests" */;
			buildPhases = (
				5577B61F2C10086400C13B79 /* Sources */,
				5577B6202C10086400C13B79 /* Frameworks */,
				5577B6212C10086400C13B79 /* Resources */,
			);
			buildRules = (
			);
			dependencies = (
				5577B6252C10086400C13B79 /* PBXTargetDependency */,
			);
			name = VIPERSampleUITests;
			productName = VIPERSampleUITests;
			productReference = 5577B6232C10086400C13B79 /* VIPERSampleUITests.xctest */;
			productType = "com.apple.product-type.bundle.ui-testing";
		};
/* End PBXNativeTarget section */

/* Begin PBXProject section */
		5577B6012C10086100C13B79 /* Project object */ = {
			isa = PBXProject;
			attributes = {
				BuildIndependentTargetsInParallel = 1;
				LastSwiftUpdateCheck = 1530;
				LastUpgradeCheck = 1530;
				TargetAttributes = {
					5577B6082C10086100C13B79 = {
						CreatedOnToolsVersion = 15.3;
					};
					5577B6182C10086400C13B79 = {
						CreatedOnToolsVersion = 15.3;
						TestTargetID = 5577B6082C10086100C13B79;
					};
					5577B6222C10086400C13B79 = {
						CreatedOnToolsVersion = 15.3;
						TestTargetID = 5577B6082C10086100C13B79;
					};
				};
			};
			buildConfigurationList = 5577B6042C10086100C13B79 /* Build configuration list for PBXProject "VIPERSample" */;
			compatibilityVersion = "Xcode 14.0";
			developmentRegion = en;
			hasScannedForEncodings = 0;
			knownRegions = (
				en,
				Base,
			);
			mainGroup = 5577B6002C10086100C13B79;
			packageReferences = (
				5577B65E2C10479C00C13B79 /* XCRemoteSwiftPackageReference "swiftui-introspect" */,
			);
			productRefGroup = 5577B60A2C10086100C13B79 /* Products */;
			projectDirPath = "";
			projectRoot = "";
			targets = (
				5577B6082C10086100C13B79 /* VIPERSample */,
				5577B6182C10086400C13B79 /* VIPERSampleTests */,
				5577B6222C10086400C13B79 /* VIPERSampleUITests */,
			);
		};
/* End PBXProject section */

/* Begin PBXResourcesBuildPhase section */
		5577B6072C10086100C13B79 /* Resources */ = {
			isa = PBXResourcesBuildPhase;
			buildActionMask = 2147483647;
			files = (
				5577B6142C10086300C13B79 /* Preview Assets.xcassets in Resources */,
				5577B6112C10086300C13B79 /* Assets.xcassets in Resources */,
			);
			runOnlyForDeploymentPostprocessing = 0;
		};
		5577B6172C10086400C13B79 /* Resources */ = {
			isa = PBXResourcesBuildPhase;
			buildActionMask = 2147483647;
			files = (
			);
			runOnlyForDeploymentPostprocessing = 0;
		};
		5577B6212C10086400C13B79 /* Resources */ = {
			isa = PBXResourcesBuildPhase;
			buildActionMask = 2147483647;
			files = (
			);
			runOnlyForDeploymentPostprocessing = 0;
		};
/* End PBXResourcesBuildPhase section */

/* Begin PBXSourcesBuildPhase section */
		5577B6052C10086100C13B79 /* Sources */ = {
			isa = PBXSourcesBuildPhase;
			buildActionMask = 2147483647;
			files = (
				5577B60F2C10086100C13B79 /* ContentView.swift in Sources */,
				5577B60D2C10086100C13B79 /* VIPERSampleApp.swift in Sources */,
				5A4F38288A6D9674E1D1FFF1 /* TestContract.swift in Sources */,
				D4F8776E0B289F3551C44597 /* TestInteractor.swift in Sources */,
				E39FDC803EA6AADE3A8B98F0 /* TestPresenter.swift in Sources */,
				039930E04503ED6D1BBBA7A0 /* TestRouter.swift in Sources */,
				19B90DE260371C6D025A56B2 /* TestView.swift in Sources */,
			);
			runOnlyForDeploymentPostprocessing = 0;
		};
		5577B6152C10086400C13B79 /* Sources */ = {
			isa = PBXSourcesBuildPhase;
			buildActionMask = 2147483647;
			files = (
				5577B61E2C10086400C13B79 /* VIPERSampleTests.swift in Sources */,
			);
			runOnlyForDeploymentPostprocessing = 0;
		};
		5577B61F2C10086400C13B79 /* Sources */ = {
			isa = PBXSourcesBuildPhase;
			buildActionMask = 2147483647;
			files = (
				5577B6282C10086400C13B79 /* VIPERSampleUITests.swift in Sources */,
				5577B62A2C10086400C13B79 /* VIPERSampleUITestsLaunchTests.swift in Sources */,
			);
			runOnlyForDeploymentPostprocessing = 0;
		};
/* End PBXSourcesBuildPhase section */

/* Begin PBXTargetDependency section */
		5577B61B2C10086400C13B79 /* PBXTargetDependency */ = {
			isa = PBXTargetDependency;
			target = 5577B6082C10086100C13B79 /* VIPERSample */;
			targetProxy = 5577B61A2C10086400C13B79 /* PBXContainerItemProxy */;
		};
		5577B6252C10086400C13B79 /* PBXTargetDependency */ = {
			isa = PBXTargetDependency;
			target = 5577B6082C10086100C13B79 /* VIPERSample */;
			targetProxy = 5577B6242C10086400C13B79 /* PBXContainerItemProxy */;
		};
/* End PBXTargetDependency section */

/* Begin XCBuildConfiguration section */
		5577B62B2C10086400C13B79 /* Debug */ = {
			isa = XCBuildConfiguration;
			buildSettings = {
				ALWAYS_SEARCH_USER_PATHS = NO;
				ASSETCATALOG_COMPILER_GENERATE_SWIFT_ASSET_SYMBOL_EXTENSIONS = YES;
				CLANG_ANALYZER_NONNULL = YES;
				CLANG_ANALYZER_NUMBER_OBJECT_CONVERSION = YES_AGGRESSIVE;
				CLANG_CXX_LANGUAGE_STANDARD = "gnu++20";
				CLANG_ENABLE_MODULES = YES;
				CLANG_ENABLE_OBJC_ARC = YES;
				CLANG_ENABLE_OBJC_WEAK = YES;
				CLANG_WARN_BLOCK_CAPTURE_AUTORELEASING = YES;
				CLANG_WARN_BOOL_CONVERSION = YES;
				CLANG_WARN_COMMA = YES;
				CLANG_WARN_CONSTANT_CONVERSION = YES;
				CLANG_WARN_DEPRECATED_OBJC_IMPLEMENTATIONS = YES;
				CLANG_WARN_DIRECT_OBJC_ISA_USAGE = YES_ERROR;
				CLANG_WARN_DOCUMENTATION_COMMENTS = YES;
				CLANG_WARN_EMPTY_BODY = YES;
				CLANG_WARN_ENUM_CONVERSION = YES;
				CLANG_WARN_INFINITE_RECURSION = YES;
				CLANG_WARN_INT_CONVERSION = YES;
				CLANG_WARN_NON_LITERAL_NULL_CONVERSION = YES;
				CLANG_WARN_OBJC_IMPLICIT_RETAIN_SELF = YES;
				CLANG_WARN_OBJC_LITERAL_CONVERSION = YES;
				CLANG_WARN_OBJC_ROOT_CLASS = YES_ERROR;
				CLANG_WARN_QUOTED_INCLUDE_IN_FRAMEWORK_HEADER = YES;
				CLANG_WARN_RANGE_LOOP_ANALYSIS = YES;
				CLANG_WARN_STRICT_PROTOTYPES = YES;
				CLANG_WARN_SUSPICIOUS_MOVE = YES;
				CLANG_WARN_UNGUARDED_AVAILABILITY = YES_AGGRESSIVE;
				CLANG_WARN_UNREACHABLE_CODE = YES;
				CLANG_WARN__DUPLICATE_METHOD_MATCH = YES;
				COPY_PHASE_STRIP = NO;
				DEBUG_INFORMATION_FORMAT = dwarf;
				ENABLE_STRICT_OBJC_MSGSEND = YES;
				ENABLE_TESTABILITY = YES;
				ENABLE_USER_SCRIPT_SANDBOXING = YES;
				GCC_C_LANGUAGE_STANDARD = gnu17;
				GCC_DYNAMIC_NO_PIC = NO;
				GCC_NO_COMMON_BLOCKS = YES;
				GCC_OPTIMIZATION_LEVEL = 0;
				GCC_PREPROCESSOR_DEFINITIONS = (
					"DEBUG=1",
					"$(inherited)",
				);
				GCC_WARN_64_TO_32_BIT_CONVERSION = YES;
				GCC_WARN_ABOUT_RETURN_TYPE = YES_ERROR;
				GCC_WARN_UNDECLARED_SELECTOR = YES;
				GCC_WARN_UNINITIALIZED_AUTOS = YES_AGGRESSIVE;
				GCC_WARN_UNUSED_FUNCTION = YES;
				GCC_WARN_UNUSED_VARIABLE = YES;
				IPHONEOS_DEPLOYMENT_TARGET = 17.4;
				LOCALIZATION_PREFERS_STRING_CATALOGS = YES;
				MTL_ENABLE_DEBUG_INFO = INCLUDE_SOURCE;
				MTL_FAST_MATH = YES;
				ONLY_ACTIVE_ARCH = YES;
				SDKROOT = iphoneos;
				SWIFT_ACTIVE_COMPILATION_CONDITIONS = "DEBUG $(inherited)";
				SWIFT_OPTIMIZATION_LEVEL = "-Onone";
			};
			name = Debug;
		};
		5577B62C2C10086400C13B79 /* Release */ = {
			isa = XCBuildConfiguration;
			buildSettings = {
				ALWAYS_SEARCH_USER_PATHS = NO;
				ASSETCATALOG_COMPILER_GENERATE_SWIFT_ASSET_SYMBOL_EXTENSIONS = YES;
				CLANG_ANALYZER_NONNULL = YES;
				CLANG_ANALYZER_NUMBER_OBJECT_CONVERSION = YES_AGGRESSIVE;
				CLANG_CXX_LANGUAGE_STANDARD = "gnu++20";
				CLANG_ENABLE_MODULES = YES;
				CLANG_ENABLE_OBJC_ARC = YES;
				CLANG_ENABLE_OBJC_WEAK = YES;
				CLANG_WARN_BLOCK_CAPTURE_AUTORELEASING = YES;
				CLANG_WARN_BOOL_CONVERSION = YES;
				CLANG_WARN_COMMA = YES;
				CLANG_WARN_CONSTANT_CONVERSION = YES;
				CLANG_WARN_DEPRECATED_OBJC_IMPLEMENTATIONS = YES;
				CLANG_WARN_DIRECT_OBJC_ISA_USAGE = YES_ERROR;
				CLANG_WARN_DOCUMENTATION_COMMENTS = YES;
				CLANG_WARN_EMPTY_BODY = YES;
				CLANG_WARN_ENUM_CONVERSION = YES;
				CLANG_WARN_INFINITE_RECURSION = YES;
				CLANG_WARN_INT_CONVERSION = YES;
				CLANG_WARN_NON_LITERAL_NULL_CONVERSION = YES;
				CLANG_WARN_OBJC_IMPLICIT_RETAIN_SELF = YES;
				CLANG_WARN_OBJC_LITERAL_CONVERSION = YES;
				CLANG_WARN_OBJC_ROOT_CLASS = YES_ERROR;
				CLANG_WARN_QUOTED_INCLUDE_IN_FRAMEWORK_HEADER = YES;
				CLANG_WARN_RANGE_LOOP_ANALYSIS = YES;
				CLANG_WARN_STRICT_PROTOTYPES = YES;
				CLANG_WARN_SUSPICIOUS_MOVE = YES;
				CLANG_WARN_UNGUARDED_AVAILABILITY = YES_AGGRESSIVE;
				CLANG_WARN_UNREACHABLE_CODE = YES;
				CLANG_WARN__DUPLICATE_METHOD_MATCH = YES;
				COPY_PHASE_STRIP = NO;
				DEBUG_INFORMATION_FORMAT = "dwarf-with-dsym";
				ENABLE_NS_ASSERTIONS = NO;
				ENABLE_STRICT_OBJC_MSGSEND = YES;
				ENABLE_USER_SCRIPT_SANDBOXING = YES;
				GCC_C_LANGUAGE_STANDARD = gnu17;
				GCC_NO_COMMON_BLOCKS = YES;
				GCC_WARN_64_TO_32_BIT_CONVERSION = YES;
				GCC_WARN_ABOUT_RETURN_TYPE = YES_ERROR;
				GCC_WARN_UNDECLARED_SELECTOR = YES;
				GCC_WARN_UNINITIALIZED_AUTOS = YES_AGGRESSIVE;
				GCC_WARN_UNUSED_FUNCTION = YES;
				GCC_WARN_UNUSED_VARIABLE = YES;
				IPHONEOS_DEPLOYMENT_TARGET = 17.4;
				LOCALIZATION_PREFERS_STRING_CATALOGS = YES;
				MTL_ENABLE_DEBUG_INFO = NO;
				MTL_FAST_MATH = YES;
				SDKROOT = iphoneos;
				SWIFT_COMPILATION_MODE = wholemodule;
				VALIDATE_PRODUCT = YES;
			};
			name = Release;
		};
		5577B62E2C10086400C13B79 /* Debug */ = {
			isa = XCBuildConfiguration;
			buildSettings = {
				ASSETCATALOG_COMPILER_APPICON_NAME = AppIcon;
				ASSETCATALOG_COMPILER_GLOBAL_ACCENT_COLOR_NAME = AccentColor;
				CODE_SIGN_STYLE = Automatic;
				CURRENT_PROJECT_VERSION = 1;
				DEVELOPMENT_ASSET_PATHS = "\"VIPERSample/Preview Content\"";
				ENABLE_PREVIEWS = YES;
				GENERATE_INFOPLIST_FILE = YES;
				INFOPLIST_KEY_UIApplicationSceneManifest_Generation = YES;
				INFOPLIST_KEY_UIApplicationSupportsIndirectInputEvents = YES;
				INFOPLIST_KEY_UILaunchScreen_Generation = YES;
				INFOPLIST_KEY_UISupportedInterfaceOrientations_iPad = "UIInterfaceOrientationPortrait UIInterfaceOrientationPortraitUpsideDown UIInterfaceOrientationLandscapeLeft UIInterfaceOrientationLandscapeRight";
				INFOPLIST_KEY_UISupportedInterfaceOrientations_iPhone = "UIInterfaceOrientationPortrait UIInterfaceOrientationLandscapeLeft UIInterfaceOrientationLandscapeRight";
				LD_RUNPATH_SEARCH_PATHS = (
					"$(inherited)",
					"@executable_path/Frameworks",
				);
				MARKETING_VERSION = 1.0;
				PRODUCT_BUNDLE_IDENTIFIER = E.Goldstein.VIPERSample;
				PRODUCT_NAME = "$(TARGET_NAME)";
				SWIFT_EMIT_LOC_STRINGS = YES;
				SWIFT_VERSION = 5.0;
				TARGETED_DEVICE_FAMILY = "1,2";
			};
			name = Debug;
		};
		5577B62F2C10086400C13B79 /* Release */ = {
			isa = XCBuildConfiguration;
			buildSettings = {
				ASSETCATALOG_COMPILER_APPICON_NAME = AppIcon;
				ASSETCATALOG_COMPILER_GLOBAL_ACCENT_COLOR_NAME = AccentColor;
				CODE_SIGN_STYLE = Automatic;
				CURRENT_PROJECT_VERSION = 1;
				DEVELOPMENT_ASSET_PATHS = "\"VIPERSample/Preview Content\"";
				ENABLE_PREVIEWS = YES;
				GENERATE_INFOPLIST_FILE = YES;
				INFOPLIST_KEY_UIApplicationSceneManifest_Generation = YES;
				INFOPLIST_KEY_UIApplicationSupportsIndirectInputEvents = YES;
				INFOPLIST_KEY_UILaunchScreen_Generation = YES;
				INFOPLIST_KEY_UISupportedInterfaceOrientations_iPad = "UIInterfaceOrientationPortrait UIInterfaceOrientationPortraitUpsideDown UIInterfaceOrientationLandscapeLeft UIInterfaceOrientationLandscapeRight";
				INFOPLIST_KEY_UISupportedInterfaceOrientations_iPhone = "UIInterfaceOrientationPortrait UIInterfaceOrientationLandscapeLeft UIInterfaceOrientationLandscapeRight";
				LD_RUNPATH_SEARCH_PATHS = (
					"$(inherited)",
					"@executable_path/Frameworks",
				);
				MARKETING_VERSION = 1.0;
				PRODUCT_BUNDLE_IDENTIFIER = E.Goldstein.VIPERSample;
				PRODUCT_NAME = "$(TARGET_NAME)";
				SWIFT_EMIT_LOC_STRINGS = YES;
				SWIFT_VERSION = 5.0;
				TARGETED_DEVICE_FAMILY = "1,2";
			};
			name = Release;
		};
		5577B6312C10086400C13B79 /* Debug */ = {
			isa = XCBuildConfiguration;
			buildSettings = {
				ALWAYS_EMBED_SWIFT_STANDARD_LIBRARIES = YES;
				BUNDLE_LOADER = "$(TEST_HOST)";
				CODE_SIGN_STYLE = Automatic;
				CURRENT_PROJECT_VERSION = 1;
				GENERATE_INFOPLIST_FILE = YES;
				IPHONEOS_DEPLOYMENT_TARGET = 17.4;
				MARKETING_VERSION = 1.0;
				PRODUCT_BUNDLE_IDENTIFIER = E.Goldstein.VIPERSampleTests;
				PRODUCT_NAME = "$(TARGET_NAME)";
				SWIFT_EMIT_LOC_STRINGS = NO;
				SWIFT_VERSION = 5.0;
				TARGETED_DEVICE_FAMILY = "1,2";
				TEST_HOST = "$(BUILT_PRODUCTS_DIR)/VIPERSample.app/$(BUNDLE_EXECUTABLE_FOLDER_PATH)/VIPERSample";
			};
			name = Debug;
		};
		5577B6322C10086400C13B79 /* Release */ = {
			isa = XCBuildConfiguration;
			buildSettings = {
				ALWAYS_EMBED_SWIFT_STANDARD_LIBRARIES = YES;
				BUNDLE_LOADER = "$(TEST_HOST)";
				CODE_SIGN_STYLE = Automatic;
				CURRENT_PROJECT_VERSION = 1;
				GENERATE_INFOPLIST_FILE = YES;
				IPHONEOS_DEPLOYMENT_TARGET = 17.4;
				MARKETING_VERSION = 1.0;
				PRODUCT_BUNDLE_IDENTIFIER = E.Goldstein.VIPERSampleTests;
				PRODUCT_NAME = "$(TARGET_NAME)";
				SWIFT_EMIT_LOC_STRINGS = NO;
				SWIFT_VERSION = 5.0;
				TARGETED_DEVICE_FAMILY = "1,2";
				TEST_HOST = "$(BUILT_PRODUCTS_DIR)/VIPERSample.app/$(BUNDLE_EXECUTABLE_FOLDER_PATH)/VIPERSample";
			};
			name = Release;
		};
		5577B6342C10086400C13B79 /* Debug */ = {
			isa = XCBuildConfiguration;
			buildSettings = {
				ALWAYS_EMBED_SWIFT_STANDARD_LIBRARIES = YES;
				CODE_SIGN_STYLE = Automatic;
				CURRENT_PROJECT_VERSION = 1;
				GENERATE_INFOPLIST_FILE = YES;
				MARKETING_VERSION = 1.0;
				PRODUCT_BUNDLE_IDENTIFIER = E.Goldstein.VIPERSampleUITests;
				PRODUCT_NAME = "$(TARGET_NAME)";
				SWIFT_EMIT_LOC_STRINGS = NO;
				SWIFT_VERSION = 5.0;
				TARGETED_DEVICE_FAMILY = "1,2";
				TEST_TARGET_NAME = VIPERSample;
			};
			name = Debug;
		};
		5577B6352C10086400C13B79 /* Release */ = {
			isa = XCBuildConfiguration;
			buildSettings = {
				ALWAYS_EMBED_SWIFT_STANDARD_LIBRARIES = YES;
				CODE_SIGN_STYLE = Automatic;
				CURRENT_PROJECT_VERSION = 1;
				GENERATE_INFOPLIST_FILE = YES;
				MARKETING_VERSION = 1.0;
				PRODUCT_BUNDLE_IDENTIFIER = E.Goldstein.VIPERSampleUITests;
				PRODUCT_NAME = "$(TARGET_NAME)";
				SWIFT_EMIT_LOC_STRINGS = NO;
				SWIFT_VERSION = 5.0;
				TARGETED_DEVICE_FAMILY = "1,2";
				TEST_TARGET_NAME = VIPERSample;
			};
			name = Release;
		};
/* End XCBuildConfiguration section */

/* Begin XCConfigurationList section */
		5577B6042C10086100C13B79 /* Build configuration list for PBXProject "VIPERSample" */ = {
			isa = XCConfigurationList;
			buildConfigurations = (
				5577B62B2C10086400C13B79 /* Debug */,
				5577B62C2C10086400C13B79 /* Release */,
			);
			defaultConfigurationIsVisible = 0;
			defaultConfigurationName = Release;
		};
		5577B62D2C10086400C13B79 /* Build configuration list for PBXNativeTarget "VIPERSample" */ = {
			isa = XCConfigurationList;
			buildConfigurations = (
				5577B62E2C10086400C13B79 /* Debug */,
				5577B62F2C10086400C13B79 /* Release */,
			);
			defaultConfigurationIsVisible = 0;
			defaultConfigurationName = Release;
		};
		5577B6302C10086400C13B79 /* Build configuration list for PBXNativeTarget "VIPERSampleTests" */ = {
			isa = XCConfigurationList;
			buildConfigurations = (
				5577B6312C10086400C13B79 /* Debug */,
				5577B6322C10086400C13B79 /* Release */,
			);
			defaultConfigurationIsVisible = 0;
			defaultConfigurationName = Release;
		};
		5577B6332C10086400C13B79 /* Build configuration list for PBXNativeTarget "VIPERSampleUITests" */ = {
			isa = XCConfigurationList;
			buildConfigurations = (
				5577B6342C10086400C13B79 /* Debug */,
				5577B6352C10086400C13B79 /* Release */,
			);
			defaultConfigurationIsVisible = 0;
			defaultConfigurationName = Release;
		};
/* End XCConfigurationList section */

/* Begin XCRemoteSwiftPackageReference section */
		5577B65E2C10479C00C13B79 /* XCRemoteSwiftPackageReference "swiftui-introspect" */ = {
			isa = XCRemoteSwiftPackageReference;
			repositoryURL = "https://github.com/siteline/swiftui-introspect";
			requirement = {
				kind = upToNextMajorVersion;
				minimumVersion = 1.1.4;
			};
		};
/* End XCRemoteSwiftPackageReference section */

/* Begin XCSwiftPackageProductDependency section */
		5577B65A2C10470700C13B79 /* SwiftUIIntrospect-Dynamic */ = {
			isa = XCSwiftPackageProductDependency;
			productName = "SwiftUIIntrospect-Dynamic";
		};
		5577B65C2C10470700C13B79 /* SwiftUIIntrospect-Static */ = {
			isa = XCSwiftPackageProductDependency;
			productName = "SwiftUIIntrospect-Static";
		};
		5577B65F2C10479C00C13B79 /* SwiftUIIntrospect */ = {
			isa = XCSwiftPackageProductDependency;
			package = 5577B65E2C10479C00C13B79 /* XCRemoteSwiftPackageReference "swiftui-introspect" */;
			productName = SwiftUIIntrospect;
		};
/* End XCSwiftPackageProductDependency section */
	};
	rootObject = 5577B6012C10086100C13B79 /* Project object */;
}
